
Microsoft Visual Studio Solution File, Format Version 12.00
# Visual Studio Version 17
VisualStudioVersion = 17.14.36429.23
MinimumVisualStudioVersion = 10.0.40219.1
Project("{2150E333-8FDC-42A3-9474-1A3956D46DE8}") = "Stacks", "Stacks", "{7AD9C07B-70A9-4771-B3C5-3C7228E95A3A}"
EndProject
Project("{FAE04EC0-301F-11D3-BF4B-00C04F79EFBC}") = "Stacks.Console", "Stacks.Console\Stacks.Console.csproj", "{9124E2C9-E28F-4EF8-A059-F90B216DCC52}"
EndProject
Project("{FAE04EC0-301F-11D3-BF4B-00C04F79EFBC}") = "StacUseArry", "StacUseArry\StacUseArry.csproj", "{F9699682-50B2-DBFA-4AB8-22879FD9D181}"
EndProject
Project("{FAE04EC0-301F-11D3-BF4B-00C04F79EFBC}") = "Stack.UsingList", "Stack.UsingList\Stack.UsingList.csproj", "{BD041131-7E3D-43E6-88FF-5955B2B9165B}"
EndProject
Global
	GlobalSection(SolutionConfigurationPlatforms) = preSolution
		Debug|Any CPU = Debug|Any CPU
		Release|Any CPU = Release|Any CPU
	EndGlobalSection
	GlobalSection(ProjectConfigurationPlatforms) = postSolution
		{9124E2C9-E28F-4EF8-A059-F90B216DCC52}.Debug|Any CPU.ActiveCfg = Debug|Any CPU
		{9124E2C9-E28F-4EF8-A059-F90B216DCC52}.Debug|Any CPU.Build.0 = Debug|Any CPU
		{9124E2C9-E28F-4EF8-A059-F90B216DCC52}.Release|Any CPU.ActiveCfg = Release|Any CPU
		{9124E2C9-E28F-4EF8-A059-F90B216DCC52}.Release|Any CPU.Build.0 = Release|Any CPU
		{F9699682-50B2-DBFA-4AB8-22879FD9D181}.Debug|Any CPU.ActiveCfg = Debug|Any CPU
		{F9699682-50B2-DBFA-4AB8-22879FD9D181}.Debug|Any CPU.Build.0 = Debug|Any CPU
		{F9699682-50B2-DBFA-4AB8-22879FD9D181}.Release|Any CPU.ActiveCfg = Release|Any CPU
		{F9699682-50B2-DBFA-4AB8-22879FD9D181}.Release|Any CPU.Build.0 = Release|Any CPU
		{BD041131-7E3D-43E6-88FF-5955B2B9165B}.Debug|Any CPU.ActiveCfg = Debug|Any CPU
		{BD041131-7E3D-43E6-88FF-5955B2B9165B}.Debug|Any CPU.Build.0 = Debug|Any CPU
		{BD041131-7E3D-43E6-88FF-5955B2B9165B}.Release|Any CPU.ActiveCfg = Release|Any CPU
		{BD041131-7E3D-43E6-88FF-5955B2B9165B}.Release|Any CPU.Build.0 = Release|Any CPU
	EndGlobalSection
	GlobalSection(SolutionProperties) = preSolution
		HideSolutionNode = FALSE
	EndGlobalSection
	GlobalSection(NestedProjects) = preSolution
		{9124E2C9-E28F-4EF8-A059-F90B216DCC52} = {7AD9C07B-70A9-4771-B3C5-3C7228E95A3A}
		{BD041131-7E3D-43E6-88FF-5955B2B9165B} = {7AD9C07B-70A9-4771-B3C5-3C7228E95A3A}
	EndGlobalSection
	GlobalSection(ExtensibilityGlobals) = postSolution
		SolutionGuid = {6742EFFE-9C21-4E19-9A9F-4D383659F56E}
	EndGlobalSection
EndGlobal
